
Microsoft Visual Studio Solution File, Format Version 12.00
# Visual Studio Version 17
VisualStudioVersion = 17.5.002.0
MinimumVisualStudioVersion = 10.0.40219.1
Project("{9A19103F-16F7-4668-BE54-9A1E7A4F7556}") = "ex", "ex\ex.csproj", "{3DD71225-7266-4EA7-8544-FB60252F73C7}"
EndProject
Project("{FAE04EC0-301F-11D3-BF4B-00C04F79EFBC}") = "classex.common", "classex.common\classex.common.csproj", "{E820DE3B-1395-41E6-99E9-3299DD6B6264}"
EndProject
Global
	GlobalSection(SolutionConfigurationPlatforms) = preSolution
		Debug|Any CPU = Debug|Any CPU
		Release|Any CPU = Release|Any CPU
	EndGlobalSection
	GlobalSection(ProjectConfigurationPlatforms) = postSolution
		{3DD71225-7266-4EA7-8544-FB60252F73C7}.Debug|Any CPU.ActiveCfg = Debug|Any CPU
		{3DD71225-7266-4EA7-8544-FB60252F73C7}.Debug|Any CPU.Build.0 = Debug|Any CPU
		{3DD71225-7266-4EA7-8544-FB60252F73C7}.Release|Any CPU.ActiveCfg = Release|Any CPU
		{3DD71225-7266-4EA7-8544-FB60252F73C7}.Release|Any CPU.Build.0 = Release|Any CPU
		{E820DE3B-1395-41E6-99E9-3299DD6B6264}.Debug|Any CPU.ActiveCfg = Debug|Any CPU
		{E820DE3B-1395-41E6-99E9-3299DD6B6264}.Debug|Any CPU.Build.0 = Debug|Any CPU
		{E820DE3B-1395-41E6-99E9-3299DD6B6264}.Release|Any CPU.ActiveCfg = Release|Any CPU
		{E820DE3B-1395-41E6-99E9-3299DD6B6264}.Release|Any CPU.Build.0 = Release|Any CPU
	EndGlobalSection
	GlobalSection(SolutionProperties) = preSolution
		HideSolutionNode = FALSE
	EndGlobalSection
	GlobalSection(ExtensibilityGlobals) = postSolution
		SolutionGuid = {05642D75-3DF4-4204-80BB-4642998FFAB5}
	EndGlobalSection
EndGlobal
